// !$*UTF8*$!
{
	archiveVersion = 1;
	classes = {
	};
	objectVersion = 56;
	objects = {

/* Begin PBXBuildFile section */
		6417E8512AAD285D00512881 /* PaletteHeader.xib in Resources */ = {isa = PBXBuildFile; fileRef = 6417E8502AAD285D00512881 /* PaletteHeader.xib */; };
		6418FC1A2A6DCDED00493B8D /* WWAppInstallSource in Frameworks */ = {isa = PBXBuildFile; productRef = 6418FC192A6DCDED00493B8D /* WWAppInstallSource */; };
		641B5CA72984BEB500AB1C56 /* VolumeViewController.swift in Sources */ = {isa = PBXBuildFile; fileRef = 641B5CA62984BEB500AB1C56 /* VolumeViewController.swift */; };
		6428588B297BBF8600DD7D88 /* AppDelegate.swift in Sources */ = {isa = PBXBuildFile; fileRef = 6428588A297BBF8600DD7D88 /* AppDelegate.swift */; };
		6428588F297BBF8600DD7D88 /* MainViewController.swift in Sources */ = {isa = PBXBuildFile; fileRef = 6428588E297BBF8600DD7D88 /* MainViewController.swift */; };
		64285892297BBF8600DD7D88 /* Main.storyboard in Resources */ = {isa = PBXBuildFile; fileRef = 64285890297BBF8600DD7D88 /* Main.storyboard */; };
		64285894297BBF8700DD7D88 /* Assets.xcassets in Resources */ = {isa = PBXBuildFile; fileRef = 64285893297BBF8700DD7D88 /* Assets.xcassets */; };
		64285897297BBF8700DD7D88 /* LaunchScreen.storyboard in Resources */ = {isa = PBXBuildFile; fileRef = 64285895297BBF8700DD7D88 /* LaunchScreen.storyboard */; };
		642858A4297BC38200DD7D88 /* Extension.swift in Sources */ = {isa = PBXBuildFile; fileRef = 642858A3297BC38200DD7D88 /* Extension.swift */; };
		642858A6297BC40E00DD7D88 /* Constant.swift in Sources */ = {isa = PBXBuildFile; fileRef = 642858A5297BC40E00DD7D88 /* Constant.swift */; };
		642858AB297BC51E00DD7D88 /* Model.swift in Sources */ = {isa = PBXBuildFile; fileRef = 642858AA297BC51E00DD7D88 /* Model.swift */; };
		642C5E722A18487800AC290B /* @Image in Resources */ = {isa = PBXBuildFile; fileRef = 642C5E712A18487800AC290B /* @Image */; };
		64445E8E2B8A119E00B37744 /* WWKeyboardShadowView in Frameworks */ = {isa = PBXBuildFile; productRef = 64445E8D2B8A119E00B37744 /* WWKeyboardShadowView */; };
		64445E912B8A126B00B37744 /* WWKeyboardShadowView in Frameworks */ = {isa = PBXBuildFile; productRef = 64445E902B8A126B00B37744 /* WWKeyboardShadowView */; };
		644FF14B2B7C604C00D3B814 /* WWTypewriterLabel in Frameworks */ = {isa = PBXBuildFile; productRef = 644FF14A2B7C604C00D3B814 /* WWTypewriterLabel */; };
		646E44A42980A726002BCBC8 /* ReviewViewController.swift in Sources */ = {isa = PBXBuildFile; fileRef = 646E44A32980A726002BCBC8 /* ReviewViewController.swift */; };
		64768B0D2AA3EB080005EF3A /* WWToast in Frameworks */ = {isa = PBXBuildFile; productRef = 64768B0C2AA3EB080005EF3A /* WWToast */; };
		6476D7D22B7A22A800E0DFC5 /* WordCardPageViewController.swift in Sources */ = {isa = PBXBuildFile; fileRef = 6476D7D12B7A22A800E0DFC5 /* WordCardPageViewController.swift */; };
		6492ADD52986B8E900E1B59B /* KleeOne-SemiBold.ttf in Resources */ = {isa = PBXBuildFile; fileRef = 6492ADD42986B8E900E1B59B /* KleeOne-SemiBold.ttf */; };
		6492ADD72986BBFA00E1B59B /* GamjaFlower-Regular.ttf in Resources */ = {isa = PBXBuildFile; fileRef = 6492ADD62986BBFA00E1B59B /* GamjaFlower-Regular.ttf */; };
		6492ADDD2986BF6E00E1B59B /* jf-openhuninn-1.1.ttf in Resources */ = {isa = PBXBuildFile; fileRef = 6492ADDC2986BF6D00E1B59B /* jf-openhuninn-1.1.ttf */; };
		64A11DF829B2315D00688C90 /* MyTabBar.swift in Sources */ = {isa = PBXBuildFile; fileRef = 64A11DF729B2315D00688C90 /* MyTabBar.swift */; };
		64AB741B2B78508100882826 /* WordCardViewController.swift in Sources */ = {isa = PBXBuildFile; fileRef = 64AB741A2B78508100882826 /* WordCardViewController.swift */; };
		64ACFDED2B7EBDA700863407 /* WWOnBoardingViewController in Frameworks */ = {isa = PBXBuildFile; productRef = 64ACFDEC2B7EBDA700863407 /* WWOnBoardingViewController */; };
		64B94D7A2AB5DDE8006B317D /* README.html in Resources */ = {isa = PBXBuildFile; fileRef = 64B94D792AB5DDE8006B317D /* README.html */; };
		64BA9EA2299764E600226DC8 /* OthersTableViewCell.swift in Sources */ = {isa = PBXBuildFile; fileRef = 64BA9EA1299764E600226DC8 /* OthersTableViewCell.swift */; };
		64C184F5297E5CC600D1D1B2 /* Protocol.swift in Sources */ = {isa = PBXBuildFile; fileRef = 64C184F4297E5CC600D1D1B2 /* Protocol.swift */; };
		64C184F7297E5D4C00D1D1B2 /* MainTableViewCell.swift in Sources */ = {isa = PBXBuildFile; fileRef = 64C184F6297E5D4C00D1D1B2 /* MainTableViewCell.swift */; };
		64C184F9297E5F7A00D1D1B2 /* API.swift in Sources */ = {isa = PBXBuildFile; fileRef = 64C184F8297E5F7A00D1D1B2 /* API.swift */; };
		64C18502297E861800D1D1B2 /* Utility.swift in Sources */ = {isa = PBXBuildFile; fileRef = 64C18501297E861800D1D1B2 /* Utility.swift */; };
		64C18504297EB8E700D1D1B2 /* ListViewController.swift in Sources */ = {isa = PBXBuildFile; fileRef = 64C18503297EB8E700D1D1B2 /* ListViewController.swift */; };
		64C18507297EC01700D1D1B2 /* ListTableViewCell.swift in Sources */ = {isa = PBXBuildFile; fileRef = 64C18506297EC01700D1D1B2 /* ListTableViewCell.swift */; };
		64D3E61B2AAC5CB700140716 /* PaletteHeader.swift in Sources */ = {isa = PBXBuildFile; fileRef = 64D3E6192AAC5CB700140716 /* PaletteHeader.swift */; };
		64ED74D82998C5EF00948C77 /* LicenseWebViewController.swift in Sources */ = {isa = PBXBuildFile; fileRef = 64ED74D72998C5EF00948C77 /* LicenseWebViewController.swift */; };
		811DFC402AAAEFE600BF480C /* PaletteViewController.swift in Sources */ = {isa = PBXBuildFile; fileRef = 811DFC3F2AAAEFE600BF480C /* PaletteViewController.swift */; };
		811DFC432AAAFE1200BF480C /* PaletteTableViewCell.swift in Sources */ = {isa = PBXBuildFile; fileRef = 811DFC422AAAFE1200BF480C /* PaletteTableViewCell.swift */; };
		81201C4C298B58C200291485 /* InterpretView.swift in Sources */ = {isa = PBXBuildFile; fileRef = 81201C4A298B58C200291485 /* InterpretView.swift */; };
		81201C4D298B58C200291485 /* InterpretView.xib in Resources */ = {isa = PBXBuildFile; fileRef = 81201C4B298B58C200291485 /* InterpretView.xib */; };
		812C5444299F73DC003F942A /* TalkingViewController.swift in Sources */ = {isa = PBXBuildFile; fileRef = 812C5443299F73DC003F942A /* TalkingViewController.swift */; };
		815BC4E82B874A9D0099593F /* ChatViewController.swift in Sources */ = {isa = PBXBuildFile; fileRef = 815BC4E72B874A9D0099593F /* ChatViewController.swift */; };
		815BC4EB2B874AFA0099593F /* ChatViewControllerCell.swift in Sources */ = {isa = PBXBuildFile; fileRef = 815BC4EA2B874AFA0099593F /* ChatViewControllerCell.swift */; };
		815BC4F12B874B410099593F /* WWSimpleChatGPT in Frameworks */ = {isa = PBXBuildFile; productRef = 815BC4F02B874B410099593F /* WWSimpleChatGPT */; };
		815E14782990F47700EC571D /* SentenceTableViewCell.swift in Sources */ = {isa = PBXBuildFile; fileRef = 815E14772990F47700EC571D /* SentenceTableViewCell.swift */; };
		81708BC62B21AD4C00397B27 /* dictionary_7439537.png in Resources */ = {isa = PBXBuildFile; fileRef = 81708BC22B21AD4C00397B27 /* dictionary_7439537.png */; };
		81708BC72B21AD4C00397B27 /* translate_5146533.png in Resources */ = {isa = PBXBuildFile; fileRef = 81708BC32B21AD4C00397B27 /* translate_5146533.png */; };
		81708BC82B21AD4C00397B27 /* communication_9893252.png in Resources */ = {isa = PBXBuildFile; fileRef = 81708BC42B21AD4C00397B27 /* communication_9893252.png */; };
		81708BC92B21AD4C00397B27 /* language-learning_10037728.png in Resources */ = {isa = PBXBuildFile; fileRef = 81708BC52B21AD4C00397B27 /* language-learning_10037728.png */; };
		817BDE462AA596650093AD92 /* WWUserDefaults in Frameworks */ = {isa = PBXBuildFile; productRef = 817BDE452AA596650093AD92 /* WWUserDefaults */; };
		817F88382B32BCA900053C3E /* Settings.json in Resources */ = {isa = PBXBuildFile; fileRef = 817F88372B32BCA900053C3E /* Settings.json */; };
		818E261329922FFE00385705 /* ReviewResultViewController.swift in Sources */ = {isa = PBXBuildFile; fileRef = 818E261229922FFE00385705 /* ReviewResultViewController.swift */; };
		818E2615299230B300385705 /* ReviewResultTableViewCell.swift in Sources */ = {isa = PBXBuildFile; fileRef = 818E2614299230B300385705 /* ReviewResultTableViewCell.swift */; };
		8196323329933CEF00B96960 /* MyNavigationController.swift in Sources */ = {isa = PBXBuildFile; fileRef = 8196323229933CEF00B96960 /* MyNavigationController.swift */; };
		819A68C42AAEA2DD00ACE3FF /* WWJavaScriptContext in Frameworks */ = {isa = PBXBuildFile; productRef = 819A68C32AAEA2DD00ACE3FF /* WWJavaScriptContext */; };
		819D69D0298E311D001AF48E /* SolutionViewController.swift in Sources */ = {isa = PBXBuildFile; fileRef = 819D69CF298E311D001AF48E /* SolutionViewController.swift */; };
		819D69D2298E31E1001AF48E /* SolutionTableViewCell.swift in Sources */ = {isa = PBXBuildFile; fileRef = 819D69D1298E31E1001AF48E /* SolutionTableViewCell.swift */; };
		81AB5EF9299643960035216F /* OthersViewController.swift in Sources */ = {isa = PBXBuildFile; fileRef = 81AB5EF8299643960035216F /* OthersViewController.swift */; };
		81B1AF7F2AB423DD0074103B /* GalleryViewController.swift in Sources */ = {isa = PBXBuildFile; fileRef = 81B1AF7E2AB423DD0074103B /* GalleryViewController.swift */; };
		81B1AF822AB42B0E0074103B /* GalleryTableViewCell.swift in Sources */ = {isa = PBXBuildFile; fileRef = 81B1AF812AB42B0E0074103B /* GalleryTableViewCell.swift */; };
		81BA793E29876CE000C0FD6C /* README.md in Resources */ = {isa = PBXBuildFile; fileRef = 81BA793D29876CE000C0FD6C /* README.md */; };
		81BA794029876DA800C0FD6C /* SearchWordViewController.swift in Sources */ = {isa = PBXBuildFile; fileRef = 81BA793F29876DA800C0FD6C /* SearchWordViewController.swift */; };
		81BA794429877ACC00C0FD6C /* SearchWordTableViewCell.swift in Sources */ = {isa = PBXBuildFile; fileRef = 81BA794329877ACC00C0FD6C /* SearchWordTableViewCell.swift */; };
		81C4A9DE2B21760400D28042 /* SimulaterPushNotification.apns in Resources */ = {isa = PBXBuildFile; fileRef = 81C4A9DD2B21760400D28042 /* SimulaterPushNotification.apns */; };
		81CD85CC2990F03A009C39FF /* SentenceViewController.swift in Sources */ = {isa = PBXBuildFile; fileRef = 81CD85CB2990F03A009C39FF /* SentenceViewController.swift */; };
		81E1F8F02A1F2C8100EB0139 /* WWHUD in Frameworks */ = {isa = PBXBuildFile; productRef = 81E1F8EF2A1F2C8100EB0139 /* WWHUD */; };
		81E1F8F32A1F2C9A00EB0139 /* WWSQLite3Manager in Frameworks */ = {isa = PBXBuildFile; productRef = 81E1F8F22A1F2C9A00EB0139 /* WWSQLite3Manager */; };
		81E1F8F62A1F2CCA00EB0139 /* WWSlider in Frameworks */ = {isa = PBXBuildFile; productRef = 81E1F8F52A1F2CCA00EB0139 /* WWSlider */; };
		81E1F8FF2A1F2D9B00EB0139 /* WWNetworking in Frameworks */ = {isa = PBXBuildFile; productRef = 81E1F8FE2A1F2D9B00EB0139 /* WWNetworking */; };
		81E4078E2A7239A200230C3A /* WWFloatingViewController in Frameworks */ = {isa = PBXBuildFile; productRef = 81E4078D2A7239A200230C3A /* WWFloatingViewController */; };
		81E407902A723C4E00230C3A /* SearchVocabularyViewController.swift in Sources */ = {isa = PBXBuildFile; fileRef = 81E4078F2A723C4E00230C3A /* SearchVocabularyViewController.swift */; };
		81E56B6B2A725DA6004400D6 /* SearchVocabularyTableViewCell.swift in Sources */ = {isa = PBXBuildFile; fileRef = 81E56B6A2A725DA6004400D6 /* SearchVocabularyTableViewCell.swift */; };
		81EB0ED92A1F2E1300EE2A83 /* WWNetworking-UIImage in Frameworks */ = {isa = PBXBuildFile; productRef = 81EB0ED82A1F2E1300EE2A83 /* WWNetworking-UIImage */; };
		81F52F34299DE87A005F9DF2 /* MyTabBarController.swift in Sources */ = {isa = PBXBuildFile; fileRef = 81F52F33299DE87A005F9DF2 /* MyTabBarController.swift */; };
/* End PBXBuildFile section */

/* Begin PBXFileReference section */
		6417E8502AAD285D00512881 /* PaletteHeader.xib */ = {isa = PBXFileReference; lastKnownFileType = file.xib; path = PaletteHeader.xib; sourceTree = "<group>"; };
		641B5CA62984BEB500AB1C56 /* VolumeViewController.swift */ = {isa = PBXFileReference; lastKnownFileType = sourcecode.swift; path = VolumeViewController.swift; sourceTree = "<group>"; };
		64285887297BBF8600DD7D88 /* Vocabulary.app */ = {isa = PBXFileReference; explicitFileType = wrapper.application; includeInIndex = 0; path = Vocabulary.app; sourceTree = BUILT_PRODUCTS_DIR; };
		6428588A297BBF8600DD7D88 /* AppDelegate.swift */ = {isa = PBXFileReference; lastKnownFileType = sourcecode.swift; path = AppDelegate.swift; sourceTree = "<group>"; };
		6428588E297BBF8600DD7D88 /* MainViewController.swift */ = {isa = PBXFileReference; lastKnownFileType = sourcecode.swift; path = MainViewController.swift; sourceTree = "<group>"; };
		64285891297BBF8600DD7D88 /* Base */ = {isa = PBXFileReference; lastKnownFileType = file.storyboard; name = Base; path = Base.lproj/Main.storyboard; sourceTree = "<group>"; };
		64285893297BBF8700DD7D88 /* Assets.xcassets */ = {isa = PBXFileReference; lastKnownFileType = folder.assetcatalog; path = Assets.xcassets; sourceTree = "<group>"; };
		64285896297BBF8700DD7D88 /* Base */ = {isa = PBXFileReference; lastKnownFileType = file.storyboard; name = Base; path = Base.lproj/LaunchScreen.storyboard; sourceTree = "<group>"; };
		64285898297BBF8700DD7D88 /* Info.plist */ = {isa = PBXFileReference; lastKnownFileType = text.plist.xml; path = Info.plist; sourceTree = "<group>"; };
		642858A3297BC38200DD7D88 /* Extension.swift */ = {isa = PBXFileReference; lastKnownFileType = sourcecode.swift; path = Extension.swift; sourceTree = "<group>"; };
		642858A5297BC40E00DD7D88 /* Constant.swift */ = {isa = PBXFileReference; lastKnownFileType = sourcecode.swift; path = Constant.swift; sourceTree = "<group>"; };
		642858AA297BC51E00DD7D88 /* Model.swift */ = {isa = PBXFileReference; lastKnownFileType = sourcecode.swift; path = Model.swift; sourceTree = "<group>"; };
		642C5E702A182C8700AC290B /* Vocabulary.entitlements */ = {isa = PBXFileReference; lastKnownFileType = text.plist.entitlements; path = Vocabulary.entitlements; sourceTree = "<group>"; };
		642C5E712A18487800AC290B /* @Image */ = {isa = PBXFileReference; fileEncoding = 4; lastKnownFileType = text; path = "@Image"; sourceTree = SOURCE_ROOT; };
		646E44A32980A726002BCBC8 /* ReviewViewController.swift */ = {isa = PBXFileReference; lastKnownFileType = sourcecode.swift; path = ReviewViewController.swift; sourceTree = "<group>"; };
		6476D7D12B7A22A800E0DFC5 /* WordCardPageViewController.swift */ = {isa = PBXFileReference; lastKnownFileType = sourcecode.swift; path = WordCardPageViewController.swift; sourceTree = "<group>"; };
		6492ADD42986B8E900E1B59B /* KleeOne-SemiBold.ttf */ = {isa = PBXFileReference; lastKnownFileType = file; path = "KleeOne-SemiBold.ttf"; sourceTree = "<group>"; };
		6492ADD62986BBFA00E1B59B /* GamjaFlower-Regular.ttf */ = {isa = PBXFileReference; lastKnownFileType = file; path = "GamjaFlower-Regular.ttf"; sourceTree = "<group>"; };
		6492ADDC2986BF6D00E1B59B /* jf-openhuninn-1.1.ttf */ = {isa = PBXFileReference; lastKnownFileType = file; path = "jf-openhuninn-1.1.ttf"; sourceTree = "<group>"; };
		64A11DF729B2315D00688C90 /* MyTabBar.swift */ = {isa = PBXFileReference; fileEncoding = 4; lastKnownFileType = sourcecode.swift; path = MyTabBar.swift; sourceTree = "<group>"; };
		64AB741A2B78508100882826 /* WordCardViewController.swift */ = {isa = PBXFileReference; lastKnownFileType = sourcecode.swift; path = WordCardViewController.swift; sourceTree = "<group>"; };
		64B94D792AB5DDE8006B317D /* README.html */ = {isa = PBXFileReference; fileEncoding = 4; lastKnownFileType = text.html; path = README.html; sourceTree = SOURCE_ROOT; };
		64BA9EA1299764E600226DC8 /* OthersTableViewCell.swift */ = {isa = PBXFileReference; lastKnownFileType = sourcecode.swift; path = OthersTableViewCell.swift; sourceTree = "<group>"; };
		64C184F4297E5CC600D1D1B2 /* Protocol.swift */ = {isa = PBXFileReference; lastKnownFileType = sourcecode.swift; path = Protocol.swift; sourceTree = "<group>"; };
		64C184F6297E5D4C00D1D1B2 /* MainTableViewCell.swift */ = {isa = PBXFileReference; lastKnownFileType = sourcecode.swift; path = MainTableViewCell.swift; sourceTree = "<group>"; };
		64C184F8297E5F7A00D1D1B2 /* API.swift */ = {isa = PBXFileReference; lastKnownFileType = sourcecode.swift; path = API.swift; sourceTree = "<group>"; };
		64C18501297E861800D1D1B2 /* Utility.swift */ = {isa = PBXFileReference; lastKnownFileType = sourcecode.swift; path = Utility.swift; sourceTree = "<group>"; };
		64C18503297EB8E700D1D1B2 /* ListViewController.swift */ = {isa = PBXFileReference; lastKnownFileType = sourcecode.swift; path = ListViewController.swift; sourceTree = "<group>"; };
		64C18506297EC01700D1D1B2 /* ListTableViewCell.swift */ = {isa = PBXFileReference; lastKnownFileType = sourcecode.swift; path = ListTableViewCell.swift; sourceTree = "<group>"; };
		64D3E6192AAC5CB700140716 /* PaletteHeader.swift */ = {isa = PBXFileReference; lastKnownFileType = sourcecode.swift; path = PaletteHeader.swift; sourceTree = "<group>"; };
		64ED74D72998C5EF00948C77 /* LicenseWebViewController.swift */ = {isa = PBXFileReference; lastKnownFileType = sourcecode.swift; path = LicenseWebViewController.swift; sourceTree = "<group>"; };
		811DFC3F2AAAEFE600BF480C /* PaletteViewController.swift */ = {isa = PBXFileReference; lastKnownFileType = sourcecode.swift; path = PaletteViewController.swift; sourceTree = "<group>"; };
		811DFC422AAAFE1200BF480C /* PaletteTableViewCell.swift */ = {isa = PBXFileReference; lastKnownFileType = sourcecode.swift; path = PaletteTableViewCell.swift; sourceTree = "<group>"; };
		81201C4A298B58C200291485 /* InterpretView.swift */ = {isa = PBXFileReference; lastKnownFileType = sourcecode.swift; path = InterpretView.swift; sourceTree = "<group>"; };
		81201C4B298B58C200291485 /* InterpretView.xib */ = {isa = PBXFileReference; lastKnownFileType = file.xib; path = InterpretView.xib; sourceTree = "<group>"; };
		812C5443299F73DC003F942A /* TalkingViewController.swift */ = {isa = PBXFileReference; lastKnownFileType = sourcecode.swift; path = TalkingViewController.swift; sourceTree = "<group>"; };
		815BC4E72B874A9D0099593F /* ChatViewController.swift */ = {isa = PBXFileReference; lastKnownFileType = sourcecode.swift; path = ChatViewController.swift; sourceTree = "<group>"; };
		815BC4EA2B874AFA0099593F /* ChatViewControllerCell.swift */ = {isa = PBXFileReference; fileEncoding = 4; lastKnownFileType = sourcecode.swift; path = ChatViewControllerCell.swift; sourceTree = "<group>"; };
		815E14772990F47700EC571D /* SentenceTableViewCell.swift */ = {isa = PBXFileReference; lastKnownFileType = sourcecode.swift; path = SentenceTableViewCell.swift; sourceTree = "<group>"; };
		81708BC22B21AD4C00397B27 /* dictionary_7439537.png */ = {isa = PBXFileReference; lastKnownFileType = image.png; path = dictionary_7439537.png; sourceTree = "<group>"; };
		81708BC32B21AD4C00397B27 /* translate_5146533.png */ = {isa = PBXFileReference; lastKnownFileType = image.png; path = translate_5146533.png; sourceTree = "<group>"; };
		81708BC42B21AD4C00397B27 /* communication_9893252.png */ = {isa = PBXFileReference; lastKnownFileType = image.png; path = communication_9893252.png; sourceTree = "<group>"; };
		81708BC52B21AD4C00397B27 /* language-learning_10037728.png */ = {isa = PBXFileReference; lastKnownFileType = image.png; path = "language-learning_10037728.png"; sourceTree = "<group>"; };
		817F88372B32BCA900053C3E /* Settings.json */ = {isa = PBXFileReference; fileEncoding = 4; lastKnownFileType = text.json; path = Settings.json; sourceTree = "<group>"; };
		818E261229922FFE00385705 /* ReviewResultViewController.swift */ = {isa = PBXFileReference; lastKnownFileType = sourcecode.swift; path = ReviewResultViewController.swift; sourceTree = "<group>"; };
		818E2614299230B300385705 /* ReviewResultTableViewCell.swift */ = {isa = PBXFileReference; lastKnownFileType = sourcecode.swift; path = ReviewResultTableViewCell.swift; sourceTree = "<group>"; };
		8196323229933CEF00B96960 /* MyNavigationController.swift */ = {isa = PBXFileReference; lastKnownFileType = sourcecode.swift; path = MyNavigationController.swift; sourceTree = "<group>"; };
		819D69CF298E311D001AF48E /* SolutionViewController.swift */ = {isa = PBXFileReference; lastKnownFileType = sourcecode.swift; path = SolutionViewController.swift; sourceTree = "<group>"; };
		819D69D1298E31E1001AF48E /* SolutionTableViewCell.swift */ = {isa = PBXFileReference; lastKnownFileType = sourcecode.swift; path = SolutionTableViewCell.swift; sourceTree = "<group>"; };
		81AB5EF8299643960035216F /* OthersViewController.swift */ = {isa = PBXFileReference; lastKnownFileType = sourcecode.swift; path = OthersViewController.swift; sourceTree = "<group>"; };
		81B1AF7E2AB423DD0074103B /* GalleryViewController.swift */ = {isa = PBXFileReference; lastKnownFileType = sourcecode.swift; path = GalleryViewController.swift; sourceTree = "<group>"; };
		81B1AF812AB42B0E0074103B /* GalleryTableViewCell.swift */ = {isa = PBXFileReference; lastKnownFileType = sourcecode.swift; path = GalleryTableViewCell.swift; sourceTree = "<group>"; };
		81BA793D29876CE000C0FD6C /* README.md */ = {isa = PBXFileReference; fileEncoding = 4; lastKnownFileType = net.daringfireball.markdown; path = README.md; sourceTree = SOURCE_ROOT; };
		81BA793F29876DA800C0FD6C /* SearchWordViewController.swift */ = {isa = PBXFileReference; lastKnownFileType = sourcecode.swift; path = SearchWordViewController.swift; sourceTree = "<group>"; };
		81BA794329877ACC00C0FD6C /* SearchWordTableViewCell.swift */ = {isa = PBXFileReference; lastKnownFileType = sourcecode.swift; path = SearchWordTableViewCell.swift; sourceTree = "<group>"; };
		81C4A9DD2B21760400D28042 /* SimulaterPushNotification.apns */ = {isa = PBXFileReference; fileEncoding = 4; lastKnownFileType = text; path = SimulaterPushNotification.apns; sourceTree = "<group>"; };
		81CD85CB2990F03A009C39FF /* SentenceViewController.swift */ = {isa = PBXFileReference; lastKnownFileType = sourcecode.swift; path = SentenceViewController.swift; sourceTree = "<group>"; };
		81E4078F2A723C4E00230C3A /* SearchVocabularyViewController.swift */ = {isa = PBXFileReference; lastKnownFileType = sourcecode.swift; path = SearchVocabularyViewController.swift; sourceTree = "<group>"; };
		81E56B6A2A725DA6004400D6 /* SearchVocabularyTableViewCell.swift */ = {isa = PBXFileReference; lastKnownFileType = sourcecode.swift; path = SearchVocabularyTableViewCell.swift; sourceTree = "<group>"; };
		81F52F33299DE87A005F9DF2 /* MyTabBarController.swift */ = {isa = PBXFileReference; lastKnownFileType = sourcecode.swift; path = MyTabBarController.swift; sourceTree = "<group>"; };
/* End PBXFileReference section */

/* Begin PBXFrameworksBuildPhase section */
		64285884297BBF8600DD7D88 /* Frameworks */ = {
			isa = PBXFrameworksBuildPhase;
			buildActionMask = 2147483647;
			files = (
				64768B0D2AA3EB080005EF3A /* WWToast in Frameworks */,
				817BDE462AA596650093AD92 /* WWUserDefaults in Frameworks */,
				64ACFDED2B7EBDA700863407 /* WWOnBoardingViewController in Frameworks */,
				81E4078E2A7239A200230C3A /* WWFloatingViewController in Frameworks */,
				819A68C42AAEA2DD00ACE3FF /* WWJavaScriptContext in Frameworks */,
				64445E912B8A126B00B37744 /* WWKeyboardShadowView in Frameworks */,
				81E1F8FF2A1F2D9B00EB0139 /* WWNetworking in Frameworks */,
				64445E8E2B8A119E00B37744 /* WWKeyboardShadowView in Frameworks */,
				81EB0ED92A1F2E1300EE2A83 /* WWNetworking-UIImage in Frameworks */,
				644FF14B2B7C604C00D3B814 /* WWTypewriterLabel in Frameworks */,
				81E1F8F62A1F2CCA00EB0139 /* WWSlider in Frameworks */,
				6418FC1A2A6DCDED00493B8D /* WWAppInstallSource in Frameworks */,
				81E1F8F32A1F2C9A00EB0139 /* WWSQLite3Manager in Frameworks */,
				815BC4F12B874B410099593F /* WWSimpleChatGPT in Frameworks */,
				81E1F8F02A1F2C8100EB0139 /* WWHUD in Frameworks */,
			);
			runOnlyForDeploymentPostprocessing = 0;
		};
/* End PBXFrameworksBuildPhase section */

/* Begin PBXGroup section */
		6420F6A32980BEBB005EAA5A /* Frameworks */ = {
			isa = PBXGroup;
			children = (
			);
			name = Frameworks;
			sourceTree = "<group>";
		};
		642448672986B57F0038449E /* Font */ = {
			isa = PBXGroup;
			children = (
				6492ADDC2986BF6D00E1B59B /* jf-openhuninn-1.1.ttf */,
				6492ADD62986BBFA00E1B59B /* GamjaFlower-Regular.ttf */,
				6492ADD42986B8E900E1B59B /* KleeOne-SemiBold.ttf */,
			);
			path = Font;
			sourceTree = "<group>";
		};
		6428587E297BBF8600DD7D88 = {
			isa = PBXGroup;
			children = (
				64285889297BBF8600DD7D88 /* Vocabulary */,
				64285888297BBF8600DD7D88 /* Products */,
				6420F6A32980BEBB005EAA5A /* Frameworks */,
			);
			sourceTree = "<group>";
		};
		64285888297BBF8600DD7D88 /* Products */ = {
			isa = PBXGroup;
			children = (
				64285887297BBF8600DD7D88 /* Vocabulary.app */,
			);
			name = Products;
			sourceTree = "<group>";
		};
		64285889297BBF8600DD7D88 /* Vocabulary */ = {
			isa = PBXGroup;
			children = (
				642858A1297BC01100DD7D88 /* Setting */,
				642858A0297BC00700DD7D88 /* Material */,
				642858A2297BC37700DD7D88 /* Utility */,
				6428589F297BBFF400DD7D88 /* Storyboard */,
				6428589E297BBFE300DD7D88 /* ViewController */,
				6428588A297BBF8600DD7D88 /* AppDelegate.swift */,
			);
			path = Vocabulary;
			sourceTree = "<group>";
		};
		6428589E297BBFE300DD7D88 /* ViewController */ = {
			isa = PBXGroup;
			children = (
				6439D6F62980CDC800091E37 /* Model */,
				64C18505297EB8F400D1D1B2 /* SubViews */,
				64A11DF629B2279300688C90 /* SubViewControllers */,
				81D8E09F298A1191001D2581 /* MainViewController */,
				81D8E09E298A1181001D2581 /* ListViewController */,
				64AB74192B78504900882826 /* WordCardViewController */,
				81D8E0A0298A11A3001D2581 /* ReviewViewController */,
				818E2616299231D400385705 /* ReviewResultViewController */,
				819D69CE298E30F1001AF48E /* SolutionViewController */,
				81D8E09D298A1146001D2581 /* SearchWordViewController */,
				815BC4E92B874AA40099593F /* ChatViewController */,
				81E56B6C2A725DD6004400D6 /* SearchVocabularyViewController */,
				81CD85CD2990F040009C39FF /* SentenceViewController */,
				81AB5EF72996437B0035216F /* OthersViewController */,
				811DFC412AAAEFEB00BF480C /* PaletteViewController */,
				81B1AF802AB423E20074103B /* GalleryViewController */,
				64F6F42A29991B40001F4F66 /* LicenseWebViewController */,
			);
			path = ViewController;
			sourceTree = "<group>";
		};
		6428589F297BBFF400DD7D88 /* Storyboard */ = {
			isa = PBXGroup;
			children = (
				64285890297BBF8600DD7D88 /* Main.storyboard */,
				64285895297BBF8700DD7D88 /* LaunchScreen.storyboard */,
			);
			path = Storyboard;
			sourceTree = "<group>";
		};
		642858A0297BC00700DD7D88 /* Material */ = {
			isa = PBXGroup;
			children = (
				81D07BB72B219E840099AE37 /* AppIcon */,
				642C5E712A18487800AC290B /* @Image */,
				642448672986B57F0038449E /* Font */,
				64285893297BBF8700DD7D88 /* Assets.xcassets */,
				64B94D792AB5DDE8006B317D /* README.html */,
				81BA793D29876CE000C0FD6C /* README.md */,
			);
			path = Material;
			sourceTree = "<group>";
		};
		642858A1297BC01100DD7D88 /* Setting */ = {
			isa = PBXGroup;
			children = (
				64285898297BBF8700DD7D88 /* Info.plist */,
				642C5E702A182C8700AC290B /* Vocabulary.entitlements */,
				817F88372B32BCA900053C3E /* Settings.json */,
				81C4A9DD2B21760400D28042 /* SimulaterPushNotification.apns */,
			);
			name = Setting;
			sourceTree = "<group>";
		};
		642858A2297BC37700DD7D88 /* Utility */ = {
			isa = PBXGroup;
			children = (
				64C184F8297E5F7A00D1D1B2 /* API.swift */,
				642858A5297BC40E00DD7D88 /* Constant.swift */,
				642858A3297BC38200DD7D88 /* Extension.swift */,
				64C184F4297E5CC600D1D1B2 /* Protocol.swift */,
				64C18501297E861800D1D1B2 /* Utility.swift */,
			);
			path = Utility;
			sourceTree = "<group>";
		};
		6439D6F62980CDC800091E37 /* Model */ = {
			isa = PBXGroup;
			children = (
				642858AA297BC51E00DD7D88 /* Model.swift */,
			);
			path = Model;
			sourceTree = "<group>";
		};
		64A11DF629B2279300688C90 /* SubViewControllers */ = {
			isa = PBXGroup;
			children = (
				8196323229933CEF00B96960 /* MyNavigationController.swift */,
				81F52F33299DE87A005F9DF2 /* MyTabBarController.swift */,
				812C5443299F73DC003F942A /* TalkingViewController.swift */,
				641B5CA62984BEB500AB1C56 /* VolumeViewController.swift */,
			);
			path = SubViewControllers;
			sourceTree = "<group>";
		};
		64AB74192B78504900882826 /* WordCardViewController */ = {
			isa = PBXGroup;
			children = (
				64AB741A2B78508100882826 /* WordCardViewController.swift */,
				6476D7D12B7A22A800E0DFC5 /* WordCardPageViewController.swift */,
			);
			path = WordCardViewController;
			sourceTree = "<group>";
		};
		64C18505297EB8F400D1D1B2 /* SubViews */ = {
			isa = PBXGroup;
			children = (
				64A11DF729B2315D00688C90 /* MyTabBar.swift */,
				81201C4A298B58C200291485 /* InterpretView.swift */,
				81201C4B298B58C200291485 /* InterpretView.xib */,
				64D3E6192AAC5CB700140716 /* PaletteHeader.swift */,
				6417E8502AAD285D00512881 /* PaletteHeader.xib */,
			);
			path = SubViews;
			sourceTree = "<group>";
		};
		64F6F42A29991B40001F4F66 /* LicenseWebViewController */ = {
			isa = PBXGroup;
			children = (
				64ED74D72998C5EF00948C77 /* LicenseWebViewController.swift */,
			);
			path = LicenseWebViewController;
			sourceTree = "<group>";
		};
		811DFC412AAAEFEB00BF480C /* PaletteViewController */ = {
			isa = PBXGroup;
			children = (
				811DFC3F2AAAEFE600BF480C /* PaletteViewController.swift */,
				811DFC422AAAFE1200BF480C /* PaletteTableViewCell.swift */,
			);
			path = PaletteViewController;
			sourceTree = "<group>";
		};
		815BC4E92B874AA40099593F /* ChatViewController */ = {
			isa = PBXGroup;
			children = (
				815BC4E72B874A9D0099593F /* ChatViewController.swift */,
				815BC4EA2B874AFA0099593F /* ChatViewControllerCell.swift */,
			);
			path = ChatViewController;
			sourceTree = "<group>";
		};
		818E2616299231D400385705 /* ReviewResultViewController */ = {
			isa = PBXGroup;
			children = (
				818E261229922FFE00385705 /* ReviewResultViewController.swift */,
				818E2614299230B300385705 /* ReviewResultTableViewCell.swift */,
			);
			path = ReviewResultViewController;
			sourceTree = "<group>";
		};
		819D69CE298E30F1001AF48E /* SolutionViewController */ = {
			isa = PBXGroup;
			children = (
				819D69CF298E311D001AF48E /* SolutionViewController.swift */,
				819D69D1298E31E1001AF48E /* SolutionTableViewCell.swift */,
			);
			path = SolutionViewController;
			sourceTree = "<group>";
		};
		81AB5EF72996437B0035216F /* OthersViewController */ = {
			isa = PBXGroup;
			children = (
				81AB5EF8299643960035216F /* OthersViewController.swift */,
				64BA9EA1299764E600226DC8 /* OthersTableViewCell.swift */,
			);
			path = OthersViewController;
			sourceTree = "<group>";
		};
		81B1AF802AB423E20074103B /* GalleryViewController */ = {
			isa = PBXGroup;
			children = (
				81B1AF7E2AB423DD0074103B /* GalleryViewController.swift */,
				81B1AF812AB42B0E0074103B /* GalleryTableViewCell.swift */,
			);
			path = GalleryViewController;
			sourceTree = "<group>";
		};
		81CD85CD2990F040009C39FF /* SentenceViewController */ = {
			isa = PBXGroup;
			children = (
				81CD85CB2990F03A009C39FF /* SentenceViewController.swift */,
				815E14772990F47700EC571D /* SentenceTableViewCell.swift */,
			);
			path = SentenceViewController;
			sourceTree = "<group>";
		};
		81D07BB72B219E840099AE37 /* AppIcon */ = {
			isa = PBXGroup;
			children = (
				81708BC42B21AD4C00397B27 /* communication_9893252.png */,
				81708BC22B21AD4C00397B27 /* dictionary_7439537.png */,
				81708BC52B21AD4C00397B27 /* language-learning_10037728.png */,
				81708BC32B21AD4C00397B27 /* translate_5146533.png */,
			);
			path = AppIcon;
			sourceTree = "<group>";
		};
		81D8E09D298A1146001D2581 /* SearchWordViewController */ = {
			isa = PBXGroup;
			children = (
				81BA793F29876DA800C0FD6C /* SearchWordViewController.swift */,
				81BA794329877ACC00C0FD6C /* SearchWordTableViewCell.swift */,
			);
			path = SearchWordViewController;
			sourceTree = "<group>";
		};
		81D8E09E298A1181001D2581 /* ListViewController */ = {
			isa = PBXGroup;
			children = (
				64C18503297EB8E700D1D1B2 /* ListViewController.swift */,
				64C18506297EC01700D1D1B2 /* ListTableViewCell.swift */,
			);
			path = ListViewController;
			sourceTree = "<group>";
		};
		81D8E09F298A1191001D2581 /* MainViewController */ = {
			isa = PBXGroup;
			children = (
				6428588E297BBF8600DD7D88 /* MainViewController.swift */,
				64C184F6297E5D4C00D1D1B2 /* MainTableViewCell.swift */,
			);
			path = MainViewController;
			sourceTree = "<group>";
		};
		81D8E0A0298A11A3001D2581 /* ReviewViewController */ = {
			isa = PBXGroup;
			children = (
				646E44A32980A726002BCBC8 /* ReviewViewController.swift */,
			);
			path = ReviewViewController;
			sourceTree = "<group>";
		};
		81E56B6C2A725DD6004400D6 /* SearchVocabularyViewController */ = {
			isa = PBXGroup;
			children = (
				81E4078F2A723C4E00230C3A /* SearchVocabularyViewController.swift */,
				81E56B6A2A725DA6004400D6 /* SearchVocabularyTableViewCell.swift */,
			);
			path = SearchVocabularyViewController;
			sourceTree = "<group>";
		};
/* End PBXGroup section */

/* Begin PBXNativeTarget section */
		64285886297BBF8600DD7D88 /* Vocabulary */ = {
			isa = PBXNativeTarget;
			buildConfigurationList = 6428589B297BBF8700DD7D88 /* Build configuration list for PBXNativeTarget "Vocabulary" */;
			buildPhases = (
				64285883297BBF8600DD7D88 /* Sources */,
				64285884297BBF8600DD7D88 /* Frameworks */,
				64285885297BBF8600DD7D88 /* Resources */,
			);
			buildRules = (
			);
			dependencies = (
			);
			name = Vocabulary;
			packageProductDependencies = (
				81E1F8EF2A1F2C8100EB0139 /* WWHUD */,
				81E1F8F22A1F2C9A00EB0139 /* WWSQLite3Manager */,
				81E1F8F52A1F2CCA00EB0139 /* WWSlider */,
				81E1F8FE2A1F2D9B00EB0139 /* WWNetworking */,
				81EB0ED82A1F2E1300EE2A83 /* WWNetworking-UIImage */,
				6418FC192A6DCDED00493B8D /* WWAppInstallSource */,
				81E4078D2A7239A200230C3A /* WWFloatingViewController */,
				64768B0C2AA3EB080005EF3A /* WWToast */,
				817BDE452AA596650093AD92 /* WWUserDefaults */,
				819A68C32AAEA2DD00ACE3FF /* WWJavaScriptContext */,
				644FF14A2B7C604C00D3B814 /* WWTypewriterLabel */,
				64ACFDEC2B7EBDA700863407 /* WWOnBoardingViewController */,
				815BC4F02B874B410099593F /* WWSimpleChatGPT */,
				64445E8D2B8A119E00B37744 /* WWKeyboardShadowView */,
				64445E902B8A126B00B37744 /* WWKeyboardShadowView */,
			);
			productName = Vocabulary;
			productReference = 64285887297BBF8600DD7D88 /* Vocabulary.app */;
			productType = "com.apple.product-type.application";
		};
/* End PBXNativeTarget section */

/* Begin PBXProject section */
		6428587F297BBF8600DD7D88 /* Project object */ = {
			isa = PBXProject;
			attributes = {
				BuildIndependentTargetsInParallel = 1;
				LastSwiftUpdateCheck = 1420;
				LastUpgradeCheck = 1420;
				TargetAttributes = {
					64285886297BBF8600DD7D88 = {
						CreatedOnToolsVersion = 14.2;
					};
				};
			};
			buildConfigurationList = 64285882297BBF8600DD7D88 /* Build configuration list for PBXProject "Vocabulary" */;
			compatibilityVersion = "Xcode 14.0";
			developmentRegion = en;
			hasScannedForEncodings = 0;
			knownRegions = (
				en,
				Base,
			);
			mainGroup = 6428587E297BBF8600DD7D88;
			packageReferences = (
				81E1F8EE2A1F2C8100EB0139 /* XCRemoteSwiftPackageReference "WWHUD" */,
				81E1F8F12A1F2C9A00EB0139 /* XCRemoteSwiftPackageReference "WWSQLite3Manager" */,
				81E1F8F42A1F2CCA00EB0139 /* XCRemoteSwiftPackageReference "WWSlider" */,
				81E1F8FD2A1F2D9B00EB0139 /* XCRemoteSwiftPackageReference "WWNetworking" */,
				81EB0ED72A1F2E1300EE2A83 /* XCRemoteSwiftPackageReference "WWNetworking-UIImage" */,
				6418FC182A6DCDED00493B8D /* XCRemoteSwiftPackageReference "WWAppInstallSource" */,
				81E4078C2A7239A200230C3A /* XCRemoteSwiftPackageReference "WWFloatingView" */,
				64768B0B2AA3EB080005EF3A /* XCRemoteSwiftPackageReference "WWToast" */,
				817BDE442AA596650093AD92 /* XCRemoteSwiftPackageReference "WWUserDefaults" */,
				819A68C22AAEA2DD00ACE3FF /* XCRemoteSwiftPackageReference "WWJavaScriptContext" */,
				644FF1492B7C604C00D3B814 /* XCRemoteSwiftPackageReference "WWTypewriterLabel" */,
				813892762B7E060E00D67D98 /* XCRemoteSwiftPackageReference "WWOnBoardingViewController" */,
				815BC4EF2B874B410099593F /* XCRemoteSwiftPackageReference "WWSimpleChatGPT" */,
				64445E8F2B8A126B00B37744 /* XCRemoteSwiftPackageReference "WWKeyboardShadowView" */,
			);
			productRefGroup = 64285888297BBF8600DD7D88 /* Products */;
			projectDirPath = "";
			projectRoot = "";
			targets = (
				64285886297BBF8600DD7D88 /* Vocabulary */,
			);
		};
/* End PBXProject section */

/* Begin PBXResourcesBuildPhase section */
		64285885297BBF8600DD7D88 /* Resources */ = {
			isa = PBXResourcesBuildPhase;
			buildActionMask = 2147483647;
			files = (
				6492ADD52986B8E900E1B59B /* KleeOne-SemiBold.ttf in Resources */,
				81708BC72B21AD4C00397B27 /* translate_5146533.png in Resources */,
				817F88382B32BCA900053C3E /* Settings.json in Resources */,
				81708BC92B21AD4C00397B27 /* language-learning_10037728.png in Resources */,
				64285897297BBF8700DD7D88 /* LaunchScreen.storyboard in Resources */,
				64285894297BBF8700DD7D88 /* Assets.xcassets in Resources */,
				64B94D7A2AB5DDE8006B317D /* README.html in Resources */,
				6417E8512AAD285D00512881 /* PaletteHeader.xib in Resources */,
				81708BC82B21AD4C00397B27 /* communication_9893252.png in Resources */,
				81BA793E29876CE000C0FD6C /* README.md in Resources */,
				6492ADD72986BBFA00E1B59B /* GamjaFlower-Regular.ttf in Resources */,
				81C4A9DE2B21760400D28042 /* SimulaterPushNotification.apns in Resources */,
				642C5E722A18487800AC290B /* @Image in Resources */,
				81201C4D298B58C200291485 /* InterpretView.xib in Resources */,
				64285892297BBF8600DD7D88 /* Main.storyboard in Resources */,
				81708BC62B21AD4C00397B27 /* dictionary_7439537.png in Resources */,
				6492ADDD2986BF6E00E1B59B /* jf-openhuninn-1.1.ttf in Resources */,
			);
			runOnlyForDeploymentPostprocessing = 0;
		};
/* End PBXResourcesBuildPhase section */

/* Begin PBXSourcesBuildPhase section */
		64285883297BBF8600DD7D88 /* Sources */ = {
			isa = PBXSourcesBuildPhase;
			buildActionMask = 2147483647;
			files = (
				64C18502297E861800D1D1B2 /* Utility.swift in Sources */,
				64A11DF829B2315D00688C90 /* MyTabBar.swift in Sources */,
				642858AB297BC51E00DD7D88 /* Model.swift in Sources */,
				81F52F34299DE87A005F9DF2 /* MyTabBarController.swift in Sources */,
				811DFC402AAAEFE600BF480C /* PaletteViewController.swift in Sources */,
				646E44A42980A726002BCBC8 /* ReviewViewController.swift in Sources */,
				811DFC432AAAFE1200BF480C /* PaletteTableViewCell.swift in Sources */,
				642858A4297BC38200DD7D88 /* Extension.swift in Sources */,
				64C184F7297E5D4C00D1D1B2 /* MainTableViewCell.swift in Sources */,
				81E56B6B2A725DA6004400D6 /* SearchVocabularyTableViewCell.swift in Sources */,
				6476D7D22B7A22A800E0DFC5 /* WordCardPageViewController.swift in Sources */,
				64D3E61B2AAC5CB700140716 /* PaletteHeader.swift in Sources */,
				6428588F297BBF8600DD7D88 /* MainViewController.swift in Sources */,
				81CD85CC2990F03A009C39FF /* SentenceViewController.swift in Sources */,
				81BA794029876DA800C0FD6C /* SearchWordViewController.swift in Sources */,
				818E2615299230B300385705 /* ReviewResultTableViewCell.swift in Sources */,
				81E407902A723C4E00230C3A /* SearchVocabularyViewController.swift in Sources */,
				64C18507297EC01700D1D1B2 /* ListTableViewCell.swift in Sources */,
				64C18504297EB8E700D1D1B2 /* ListViewController.swift in Sources */,
				64AB741B2B78508100882826 /* WordCardViewController.swift in Sources */,
				64BA9EA2299764E600226DC8 /* OthersTableViewCell.swift in Sources */,
				815E14782990F47700EC571D /* SentenceTableViewCell.swift in Sources */,
				815BC4E82B874A9D0099593F /* ChatViewController.swift in Sources */,
				81B1AF822AB42B0E0074103B /* GalleryTableViewCell.swift in Sources */,
				81BA794429877ACC00C0FD6C /* SearchWordTableViewCell.swift in Sources */,
				815BC4EB2B874AFA0099593F /* ChatViewControllerCell.swift in Sources */,
				64C184F5297E5CC600D1D1B2 /* Protocol.swift in Sources */,
				81B1AF7F2AB423DD0074103B /* GalleryViewController.swift in Sources */,
				6428588B297BBF8600DD7D88 /* AppDelegate.swift in Sources */,
				64C184F9297E5F7A00D1D1B2 /* API.swift in Sources */,
				641B5CA72984BEB500AB1C56 /* VolumeViewController.swift in Sources */,
				812C5444299F73DC003F942A /* TalkingViewController.swift in Sources */,
				81AB5EF9299643960035216F /* OthersViewController.swift in Sources */,
				81201C4C298B58C200291485 /* InterpretView.swift in Sources */,
				8196323329933CEF00B96960 /* MyNavigationController.swift in Sources */,
				642858A6297BC40E00DD7D88 /* Constant.swift in Sources */,
				818E261329922FFE00385705 /* ReviewResultViewController.swift in Sources */,
				64ED74D82998C5EF00948C77 /* LicenseWebViewController.swift in Sources */,
				819D69D2298E31E1001AF48E /* SolutionTableViewCell.swift in Sources */,
				819D69D0298E311D001AF48E /* SolutionViewController.swift in Sources */,
			);
			runOnlyForDeploymentPostprocessing = 0;
		};
/* End PBXSourcesBuildPhase section */

/* Begin PBXVariantGroup section */
		64285890297BBF8600DD7D88 /* Main.storyboard */ = {
			isa = PBXVariantGroup;
			children = (
				64285891297BBF8600DD7D88 /* Base */,
			);
			name = Main.storyboard;
			sourceTree = "<group>";
		};
		64285895297BBF8700DD7D88 /* LaunchScreen.storyboard */ = {
			isa = PBXVariantGroup;
			children = (
				64285896297BBF8700DD7D88 /* Base */,
			);
			name = LaunchScreen.storyboard;
			sourceTree = "<group>";
		};
/* End PBXVariantGroup section */

/* Begin XCBuildConfiguration section */
		64285899297BBF8700DD7D88 /* Debug */ = {
			isa = XCBuildConfiguration;
			buildSettings = {
				ALWAYS_SEARCH_USER_PATHS = NO;
				CLANG_ANALYZER_NONNULL = YES;
				CLANG_ANALYZER_NUMBER_OBJECT_CONVERSION = YES_AGGRESSIVE;
				CLANG_CXX_LANGUAGE_STANDARD = "gnu++20";
				CLANG_ENABLE_MODULES = YES;
				CLANG_ENABLE_OBJC_ARC = YES;
				CLANG_ENABLE_OBJC_WEAK = YES;
				CLANG_WARN_BLOCK_CAPTURE_AUTORELEASING = YES;
				CLANG_WARN_BOOL_CONVERSION = YES;
				CLANG_WARN_COMMA = YES;
				CLANG_WARN_CONSTANT_CONVERSION = YES;
				CLANG_WARN_DEPRECATED_OBJC_IMPLEMENTATIONS = YES;
				CLANG_WARN_DIRECT_OBJC_ISA_USAGE = YES_ERROR;
				CLANG_WARN_DOCUMENTATION_COMMENTS = YES;
				CLANG_WARN_EMPTY_BODY = YES;
				CLANG_WARN_ENUM_CONVERSION = YES;
				CLANG_WARN_INFINITE_RECURSION = YES;
				CLANG_WARN_INT_CONVERSION = YES;
				CLANG_WARN_NON_LITERAL_NULL_CONVERSION = YES;
				CLANG_WARN_OBJC_IMPLICIT_RETAIN_SELF = YES;
				CLANG_WARN_OBJC_LITERAL_CONVERSION = YES;
				CLANG_WARN_OBJC_ROOT_CLASS = YES_ERROR;
				CLANG_WARN_QUOTED_INCLUDE_IN_FRAMEWORK_HEADER = YES;
				CLANG_WARN_RANGE_LOOP_ANALYSIS = YES;
				CLANG_WARN_STRICT_PROTOTYPES = YES;
				CLANG_WARN_SUSPICIOUS_MOVE = YES;
				CLANG_WARN_UNGUARDED_AVAILABILITY = YES_AGGRESSIVE;
				CLANG_WARN_UNREACHABLE_CODE = YES;
				CLANG_WARN__DUPLICATE_METHOD_MATCH = YES;
				COPY_PHASE_STRIP = NO;
				DEBUG_INFORMATION_FORMAT = dwarf;
				ENABLE_STRICT_OBJC_MSGSEND = YES;
				ENABLE_TESTABILITY = YES;
				GCC_C_LANGUAGE_STANDARD = gnu11;
				GCC_DYNAMIC_NO_PIC = NO;
				GCC_NO_COMMON_BLOCKS = YES;
				GCC_OPTIMIZATION_LEVEL = 0;
				GCC_PREPROCESSOR_DEFINITIONS = (
					"DEBUG=1",
					"$(inherited)",
				);
				GCC_WARN_64_TO_32_BIT_CONVERSION = YES;
				GCC_WARN_ABOUT_RETURN_TYPE = YES_ERROR;
				GCC_WARN_UNDECLARED_SELECTOR = YES;
				GCC_WARN_UNINITIALIZED_AUTOS = YES_AGGRESSIVE;
				GCC_WARN_UNUSED_FUNCTION = YES;
				GCC_WARN_UNUSED_VARIABLE = YES;
				IPHONEOS_DEPLOYMENT_TARGET = 16.4;
				MTL_ENABLE_DEBUG_INFO = INCLUDE_SOURCE;
				MTL_FAST_MATH = YES;
				ONLY_ACTIVE_ARCH = YES;
				SDKROOT = iphoneos;
				SWIFT_ACTIVE_COMPILATION_CONDITIONS = DEBUG;
				SWIFT_OPTIMIZATION_LEVEL = "-Onone";
			};
			name = Debug;
		};
		6428589A297BBF8700DD7D88 /* Release */ = {
			isa = XCBuildConfiguration;
			buildSettings = {
				ALWAYS_SEARCH_USER_PATHS = NO;
				CLANG_ANALYZER_NONNULL = YES;
				CLANG_ANALYZER_NUMBER_OBJECT_CONVERSION = YES_AGGRESSIVE;
				CLANG_CXX_LANGUAGE_STANDARD = "gnu++20";
				CLANG_ENABLE_MODULES = YES;
				CLANG_ENABLE_OBJC_ARC = YES;
				CLANG_ENABLE_OBJC_WEAK = YES;
				CLANG_WARN_BLOCK_CAPTURE_AUTORELEASING = YES;
				CLANG_WARN_BOOL_CONVERSION = YES;
				CLANG_WARN_COMMA = YES;
				CLANG_WARN_CONSTANT_CONVERSION = YES;
				CLANG_WARN_DEPRECATED_OBJC_IMPLEMENTATIONS = YES;
				CLANG_WARN_DIRECT_OBJC_ISA_USAGE = YES_ERROR;
				CLANG_WARN_DOCUMENTATION_COMMENTS = YES;
				CLANG_WARN_EMPTY_BODY = YES;
				CLANG_WARN_ENUM_CONVERSION = YES;
				CLANG_WARN_INFINITE_RECURSION = YES;
				CLANG_WARN_INT_CONVERSION = YES;
				CLANG_WARN_NON_LITERAL_NULL_CONVERSION = YES;
				CLANG_WARN_OBJC_IMPLICIT_RETAIN_SELF = YES;
				CLANG_WARN_OBJC_LITERAL_CONVERSION = YES;
				CLANG_WARN_OBJC_ROOT_CLASS = YES_ERROR;
				CLANG_WARN_QUOTED_INCLUDE_IN_FRAMEWORK_HEADER = YES;
				CLANG_WARN_RANGE_LOOP_ANALYSIS = YES;
				CLANG_WARN_STRICT_PROTOTYPES = YES;
				CLANG_WARN_SUSPICIOUS_MOVE = YES;
				CLANG_WARN_UNGUARDED_AVAILABILITY = YES_AGGRESSIVE;
				CLANG_WARN_UNREACHABLE_CODE = YES;
				CLANG_WARN__DUPLICATE_METHOD_MATCH = YES;
				COPY_PHASE_STRIP = NO;
				DEBUG_INFORMATION_FORMAT = "dwarf-with-dsym";
				ENABLE_NS_ASSERTIONS = NO;
				ENABLE_STRICT_OBJC_MSGSEND = YES;
				GCC_C_LANGUAGE_STANDARD = gnu11;
				GCC_NO_COMMON_BLOCKS = YES;
				GCC_WARN_64_TO_32_BIT_CONVERSION = YES;
				GCC_WARN_ABOUT_RETURN_TYPE = YES_ERROR;
				GCC_WARN_UNDECLARED_SELECTOR = YES;
				GCC_WARN_UNINITIALIZED_AUTOS = YES_AGGRESSIVE;
				GCC_WARN_UNUSED_FUNCTION = YES;
				GCC_WARN_UNUSED_VARIABLE = YES;
				IPHONEOS_DEPLOYMENT_TARGET = 16.4;
				MTL_ENABLE_DEBUG_INFO = NO;
				MTL_FAST_MATH = YES;
				SDKROOT = iphoneos;
				SWIFT_COMPILATION_MODE = wholemodule;
				SWIFT_OPTIMIZATION_LEVEL = "-O";
				VALIDATE_PRODUCT = YES;
			};
			name = Release;
		};
		6428589C297BBF8700DD7D88 /* Debug */ = {
			isa = XCBuildConfiguration;
			buildSettings = {
				ASSETCATALOG_COMPILER_APPICON_NAME = AppIcon_Debug;
				ASSETCATALOG_COMPILER_GLOBAL_ACCENT_COLOR_NAME = AccentColor;
				CODE_SIGN_ENTITLEMENTS = Vocabulary/Vocabulary.entitlements;
				CODE_SIGN_STYLE = Automatic;
				CURRENT_PROJECT_VERSION = 20240225;
				DEVELOPMENT_TEAM = 4Q5CYDAG3B;
				GENERATE_INFOPLIST_FILE = YES;
				INFOPLIST_FILE = Vocabulary/Info.plist;
				INFOPLIST_KEY_CFBundleDisplayName = "我愛背單字";
				INFOPLIST_KEY_LSSupportsOpeningDocumentsInPlace = YES;
				INFOPLIST_KEY_NSMicrophoneUsageDescription = "要使用您的麥克風錄音";
				INFOPLIST_KEY_UIApplicationSupportsIndirectInputEvents = YES;
				INFOPLIST_KEY_UILaunchStoryboardName = LaunchScreen;
				INFOPLIST_KEY_UIMainStoryboardFile = Main;
				INFOPLIST_KEY_UIStatusBarStyle = UIStatusBarStyleLightContent;
				INFOPLIST_KEY_UISupportedInterfaceOrientations = "UIInterfaceOrientationLandscapeLeft UIInterfaceOrientationLandscapeRight UIInterfaceOrientationPortrait";
				INFOPLIST_KEY_UISupportedInterfaceOrientations_iPad = "UIInterfaceOrientationLandscapeLeft UIInterfaceOrientationLandscapeRight UIInterfaceOrientationPortrait UIInterfaceOrientationPortraitUpsideDown";
				INFOPLIST_KEY_UIUserInterfaceStyle = Light;
				IPHONEOS_DEPLOYMENT_TARGET = 14.0;
				LD_RUNPATH_SEARCH_PATHS = (
					"$(inherited)",
					"@executable_path/Frameworks",
				);
				MARKETING_VERSION = 2.4.0;
				PRODUCT_BUNDLE_IDENTIFIER = idv.william.example.vocabulary;
				PRODUCT_NAME = "$(TARGET_NAME)";
				SUPPORTED_PLATFORMS = "iphoneos iphonesimulator";
				SUPPORTS_MACCATALYST = NO;
				SUPPORTS_MAC_DESIGNED_FOR_IPHONE_IPAD = NO;
				SUPPORTS_XR_DESIGNED_FOR_IPHONE_IPAD = NO;
				SWIFT_EMIT_LOC_STRINGS = YES;
				SWIFT_VERSION = 5.0;
				TARGETED_DEVICE_FAMILY = 1;
			};
			name = Debug;
		};
		6428589D297BBF8700DD7D88 /* Release */ = {
			isa = XCBuildConfiguration;
			buildSettings = {
				ASSETCATALOG_COMPILER_APPICON_NAME = AppIcon;
				ASSETCATALOG_COMPILER_GLOBAL_ACCENT_COLOR_NAME = AccentColor;
				CODE_SIGN_ENTITLEMENTS = Vocabulary/Vocabulary.entitlements;
				CODE_SIGN_STYLE = Automatic;
				CURRENT_PROJECT_VERSION = 20240225;
				DEVELOPMENT_TEAM = 4Q5CYDAG3B;
				GENERATE_INFOPLIST_FILE = YES;
				INFOPLIST_FILE = Vocabulary/Info.plist;
				INFOPLIST_KEY_CFBundleDisplayName = "我愛背單字";
				INFOPLIST_KEY_LSSupportsOpeningDocumentsInPlace = YES;
				INFOPLIST_KEY_NSMicrophoneUsageDescription = "要使用您的麥克風錄音";
				INFOPLIST_KEY_UIApplicationSupportsIndirectInputEvents = YES;
				INFOPLIST_KEY_UILaunchStoryboardName = LaunchScreen;
				INFOPLIST_KEY_UIMainStoryboardFile = Main;
				INFOPLIST_KEY_UIStatusBarStyle = UIStatusBarStyleLightContent;
				INFOPLIST_KEY_UISupportedInterfaceOrientations = "UIInterfaceOrientationLandscapeLeft UIInterfaceOrientationLandscapeRight UIInterfaceOrientationPortrait";
				INFOPLIST_KEY_UISupportedInterfaceOrientations_iPad = "UIInterfaceOrientationLandscapeLeft UIInterfaceOrientationLandscapeRight UIInterfaceOrientationPortrait UIInterfaceOrientationPortraitUpsideDown";
				INFOPLIST_KEY_UIUserInterfaceStyle = Light;
				IPHONEOS_DEPLOYMENT_TARGET = 14.0;
				LD_RUNPATH_SEARCH_PATHS = (
					"$(inherited)",
					"@executable_path/Frameworks",
				);
				MARKETING_VERSION = 2.4.0;
				PRODUCT_BUNDLE_IDENTIFIER = idv.william.example.vocabulary;
				PRODUCT_NAME = "$(TARGET_NAME)";
				SUPPORTED_PLATFORMS = "iphoneos iphonesimulator";
				SUPPORTS_MACCATALYST = NO;
				SUPPORTS_MAC_DESIGNED_FOR_IPHONE_IPAD = NO;
				SUPPORTS_XR_DESIGNED_FOR_IPHONE_IPAD = NO;
				SWIFT_EMIT_LOC_STRINGS = YES;
				SWIFT_VERSION = 5.0;
				TARGETED_DEVICE_FAMILY = 1;
			};
			name = Release;
		};
/* End XCBuildConfiguration section */

/* Begin XCConfigurationList section */
		64285882297BBF8600DD7D88 /* Build configuration list for PBXProject "Vocabulary" */ = {
			isa = XCConfigurationList;
			buildConfigurations = (
				64285899297BBF8700DD7D88 /* Debug */,
				6428589A297BBF8700DD7D88 /* Release */,
			);
			defaultConfigurationIsVisible = 0;
			defaultConfigurationName = Release;
		};
		6428589B297BBF8700DD7D88 /* Build configuration list for PBXNativeTarget "Vocabulary" */ = {
			isa = XCConfigurationList;
			buildConfigurations = (
				6428589C297BBF8700DD7D88 /* Debug */,
				6428589D297BBF8700DD7D88 /* Release */,
			);
			defaultConfigurationIsVisible = 0;
			defaultConfigurationName = Release;
		};
/* End XCConfigurationList section */

/* Begin XCRemoteSwiftPackageReference section */
		6418FC182A6DCDED00493B8D /* XCRemoteSwiftPackageReference "WWAppInstallSource" */ = {
			isa = XCRemoteSwiftPackageReference;
			repositoryURL = "https://github.com/William-Weng/WWAppInstallSource.git";
			requirement = {
				kind = upToNextMajorVersion;
				minimumVersion = 1.0.0;
			};
		};
		64445E8F2B8A126B00B37744 /* XCRemoteSwiftPackageReference "WWKeyboardShadowView" */ = {
			isa = XCRemoteSwiftPackageReference;
			repositoryURL = "https://github.com/William-Weng/WWKeyboardShadowView.git";
			requirement = {
				kind = upToNextMajorVersion;
				minimumVersion = 1.0.1;
			};
		};
		644FF1492B7C604C00D3B814 /* XCRemoteSwiftPackageReference "WWTypewriterLabel" */ = {
			isa = XCRemoteSwiftPackageReference;
			repositoryURL = "https://github.com/William-Weng/WWTypewriterLabel.git";
			requirement = {
				kind = upToNextMajorVersion;
				minimumVersion = 1.0.2;
			};
		};
		64768B0B2AA3EB080005EF3A /* XCRemoteSwiftPackageReference "WWToast" */ = {
			isa = XCRemoteSwiftPackageReference;
			repositoryURL = "https://github.com/William-Weng/WWToast";
			requirement = {
				kind = upToNextMajorVersion;
				minimumVersion = 1.1.0;
			};
		};
		813892762B7E060E00D67D98 /* XCRemoteSwiftPackageReference "WWOnBoardingViewController" */ = {
			isa = XCRemoteSwiftPackageReference;
			repositoryURL = "https://github.com/William-Weng/WWOnBoardingViewController";
			requirement = {
				kind = upToNextMajorVersion;
				minimumVersion = 1.3.0;
			};
		};
		815BC4EF2B874B410099593F /* XCRemoteSwiftPackageReference "WWSimpleChatGPT" */ = {
			isa = XCRemoteSwiftPackageReference;
			repositoryURL = "https://github.com/William-Weng/WWSimpleChatGPT";
			requirement = {
				kind = upToNextMajorVersion;
				minimumVersion = 0.5.1;
			};
		};
		817BDE442AA596650093AD92 /* XCRemoteSwiftPackageReference "WWUserDefaults" */ = {
			isa = XCRemoteSwiftPackageReference;
			repositoryURL = "https://github.com/William-Weng/WWUserDefaults.git";
			requirement = {
				kind = upToNextMajorVersion;
				minimumVersion = 1.0.0;
			};
		};
		819A68C22AAEA2DD00ACE3FF /* XCRemoteSwiftPackageReference "WWJavaScriptContext" */ = {
			isa = XCRemoteSwiftPackageReference;
			repositoryURL = "https://github.com/William-Weng/WWJavaScriptContext";
			requirement = {
				kind = upToNextMajorVersion;
				minimumVersion = 1.0.0;
			};
		};
		81E1F8EE2A1F2C8100EB0139 /* XCRemoteSwiftPackageReference "WWHUD" */ = {
			isa = XCRemoteSwiftPackageReference;
			repositoryURL = "https://github.com/William-Weng/WWHUD";
			requirement = {
				kind = upToNextMajorVersion;
				minimumVersion = 1.1.0;
			};
		};
		81E1F8F12A1F2C9A00EB0139 /* XCRemoteSwiftPackageReference "WWSQLite3Manager" */ = {
			isa = XCRemoteSwiftPackageReference;
			repositoryURL = "https://github.com/William-Weng/WWSQLite3Manager";
			requirement = {
				kind = upToNextMajorVersion;
				minimumVersion = 1.4.0;
			};
		};
		81E1F8F42A1F2CCA00EB0139 /* XCRemoteSwiftPackageReference "WWSlider" */ = {
			isa = XCRemoteSwiftPackageReference;
			repositoryURL = "https://github.com/William-Weng/WWSlider";
			requirement = {
				kind = upToNextMajorVersion;
				minimumVersion = 1.2.0;
			};
		};
		81E1F8FD2A1F2D9B00EB0139 /* XCRemoteSwiftPackageReference "WWNetworking" */ = {
			isa = XCRemoteSwiftPackageReference;
			repositoryURL = "https://github.com/William-Weng/WWNetworking";
			requirement = {
				kind = upToNextMajorVersion;
				minimumVersion = 1.0.0;
			};
		};
		81E4078C2A7239A200230C3A /* XCRemoteSwiftPackageReference "WWFloatingView" */ = {
			isa = XCRemoteSwiftPackageReference;
			repositoryURL = "https://github.com/William-Weng/WWFloatingView.git";
			requirement = {
				kind = upToNextMajorVersion;
				minimumVersion = 1.2.0;
			};
		};
		81EB0ED72A1F2E1300EE2A83 /* XCRemoteSwiftPackageReference "WWNetworking-UIImage" */ = {
			isa = XCRemoteSwiftPackageReference;
			repositoryURL = "https://github.com/William-Weng/WWNetworking-UIImage";
			requirement = {
				kind = upToNextMajorVersion;
				minimumVersion = 1.1.0;
			};
		};
/* End XCRemoteSwiftPackageReference section */

/* Begin XCSwiftPackageProductDependency section */
		6418FC192A6DCDED00493B8D /* WWAppInstallSource */ = {
			isa = XCSwiftPackageProductDependency;
			package = 6418FC182A6DCDED00493B8D /* XCRemoteSwiftPackageReference "WWAppInstallSource" */;
			productName = WWAppInstallSource;
		};
		64445E8D2B8A119E00B37744 /* WWKeyboardShadowView */ = {
			isa = XCSwiftPackageProductDependency;
			productName = WWKeyboardShadowView;
		};
		64445E902B8A126B00B37744 /* WWKeyboardShadowView */ = {
			isa = XCSwiftPackageProductDependency;
			package = 64445E8F2B8A126B00B37744 /* XCRemoteSwiftPackageReference "WWKeyboardShadowView" */;
			productName = WWKeyboardShadowView;
		};
		644FF14A2B7C604C00D3B814 /* WWTypewriterLabel */ = {
			isa = XCSwiftPackageProductDependency;
			package = 644FF1492B7C604C00D3B814 /* XCRemoteSwiftPackageReference "WWTypewriterLabel" */;
			productName = WWTypewriterLabel;
		};
		64768B0C2AA3EB080005EF3A /* WWToast */ = {
			isa = XCSwiftPackageProductDependency;
			package = 64768B0B2AA3EB080005EF3A /* XCRemoteSwiftPackageReference "WWToast" */;
			productName = WWToast;
		};
		64ACFDEC2B7EBDA700863407 /* WWOnBoardingViewController */ = {
			isa = XCSwiftPackageProductDependency;
			package = 813892762B7E060E00D67D98 /* XCRemoteSwiftPackageReference "WWOnBoardingViewController" */;
			productName = WWOnBoardingViewController;
		};
		815BC4F02B874B410099593F /* WWSimpleChatGPT */ = {
			isa = XCSwiftPackageProductDependency;
			package = 815BC4EF2B874B410099593F /* XCRemoteSwiftPackageReference "WWSimpleChatGPT" */;
			productName = WWSimpleChatGPT;
		};
		817BDE452AA596650093AD92 /* WWUserDefaults */ = {
			isa = XCSwiftPackageProductDependency;
			package = 817BDE442AA596650093AD92 /* XCRemoteSwiftPackageReference "WWUserDefaults" */;
			productName = WWUserDefaults;
		};
		819A68C32AAEA2DD00ACE3FF /* WWJavaScriptContext */ = {
			isa = XCSwiftPackageProductDependency;
			package = 819A68C22AAEA2DD00ACE3FF /* XCRemoteSwiftPackageReference "WWJavaScriptContext" */;
			productName = WWJavaScriptContext;
		};
		81E1F8EF2A1F2C8100EB0139 /* WWHUD */ = {
			isa = XCSwiftPackageProductDependency;
			package = 81E1F8EE2A1F2C8100EB0139 /* XCRemoteSwiftPackageReference "WWHUD" */;
			productName = WWHUD;
		};
		81E1F8F22A1F2C9A00EB0139 /* WWSQLite3Manager */ = {
			isa = XCSwiftPackageProductDependency;
			package = 81E1F8F12A1F2C9A00EB0139 /* XCRemoteSwiftPackageReference "WWSQLite3Manager" */;
			productName = WWSQLite3Manager;
		};
		81E1F8F52A1F2CCA00EB0139 /* WWSlider */ = {
			isa = XCSwiftPackageProductDependency;
			package = 81E1F8F42A1F2CCA00EB0139 /* XCRemoteSwiftPackageReference "WWSlider" */;
			productName = WWSlider;
		};
		81E1F8FE2A1F2D9B00EB0139 /* WWNetworking */ = {
			isa = XCSwiftPackageProductDependency;
			package = 81E1F8FD2A1F2D9B00EB0139 /* XCRemoteSwiftPackageReference "WWNetworking" */;
			productName = WWNetworking;
		};
		81E4078D2A7239A200230C3A /* WWFloatingViewController */ = {
			isa = XCSwiftPackageProductDependency;
			package = 81E4078C2A7239A200230C3A /* XCRemoteSwiftPackageReference "WWFloatingView" */;
			productName = WWFloatingViewController;
		};
		81EB0ED82A1F2E1300EE2A83 /* WWNetworking-UIImage */ = {
			isa = XCSwiftPackageProductDependency;
			package = 81EB0ED72A1F2E1300EE2A83 /* XCRemoteSwiftPackageReference "WWNetworking-UIImage" */;
			productName = "WWNetworking-UIImage";
		};
/* End XCSwiftPackageProductDependency section */
	};
	rootObject = 6428587F297BBF8600DD7D88 /* Project object */;
}
