{
  "pins" : [
    {
      "identity" : "wwappinstallsource",
      "kind" : "remoteSourceControl",
      "location" : "https://github.com/William-Weng/WWAppInstallSource.git",
      "state" : {
        "revision" : "ac54828542c67b106c4104117a09a5fd51802f97",
        "version" : "1.0.3"
      }
    },
    {
      "identity" : "wwfloatingview",
      "kind" : "remoteSourceControl",
      "location" : "https://github.com/William-Weng/WWFloatingView.git",
      "state" : {
        "revision" : "f712bdc0d7ae65597f833de1f8bab3bb8d95ef83",
        "version" : "1.2.1"
      }
    },
    {
      "identity" : "wwhud",
      "kind" : "remoteSourceControl",
      "location" : "https://github.com/William-Weng/WWHUD",
      "state" : {
        "revision" : "7579ebf2b1fee3d81bdd35a829f05ed1e1cbed3c",
        "version" : "1.1.4"
      }
    },
    {
      "identity" : "wwjavascriptcontext",
      "kind" : "remoteSourceControl",
      "location" : "https://github.com/William-Weng/WWJavaScriptContext",
      "state" : {
        "revision" : "983111177d7b64ef90f0c77d4db928187b9d756d",
        "version" : "1.0.1"
      }
    },
    {
      "identity" : "wwnetworking",
      "kind" : "remoteSourceControl",
      "location" : "https://github.com/William-Weng/WWNetworking",
      "state" : {
        "revision" : "2629dea62e928536b150e82e2494661abbd4e2b9",
        "version" : "1.4.1"
      }
    },
    {
      "identity" : "wwnetworking-uiimage",
      "kind" : "remoteSourceControl",
      "location" : "https://github.com/William-Weng/WWNetworking-UIImage",
      "state" : {
        "revision" : "3d18e9eb96f66fa6cbb9d7e57a7e6d64cee25905",
        "version" : "1.2.4"
      }
    },
    {
      "identity" : "wwprint",
      "kind" : "remoteSourceControl",
      "location" : "https://github.com/William-Weng/WWPrint.git",
      "state" : {
        "revision" : "0acf1057863faea81c3ded2057c21b09c3435435",
        "version" : "1.3.0"
      }
    },
    {
      "identity" : "wwslider",
      "kind" : "remoteSourceControl",
      "location" : "https://github.com/William-Weng/WWSlider",
      "state" : {
        "revision" : "6ddee6ccff11661e2344ddd0434bb4a9ebdfb684",
        "version" : "1.2.2"
      }
    },
    {
      "identity" : "wwsqlite3manager",
      "kind" : "remoteSourceControl",
      "location" : "https://github.com/William-Weng/WWSQLite3Manager",
      "state" : {
        "revision" : "d13b2a1482ac28559311794bebf96e2b4ee9c51f",
        "version" : "1.4.8"
      }
    },
    {
      "identity" : "wwtoast",
      "kind" : "remoteSourceControl",
      "location" : "https://github.com/William-Weng/WWToast",
      "state" : {
        "revision" : "30473509e4066c4b1f47920787f0ae7d88aa0a72",
        "version" : "1.1.0"
      }
    },
    {
      "identity" : "wwuserdefaults",
      "kind" : "remoteSourceControl",
      "location" : "https://github.com/William-Weng/WWUserDefaults.git",
      "state" : {
        "revision" : "03c70e58d4121ab5f6f3ef395b04c0a564e84019",
        "version" : "1.0.0"
      }
    }
  ],
  "version" : 2
}
