{
  "pins" : [
    {
      "identity" : "wwappinstallsource",
      "kind" : "remoteSourceControl",
      "location" : "https://github.com/William-Weng/WWAppInstallSource.git",
      "state" : {
        "revision" : "22c6423f9aecfefa7b8dc639a6d8980e3f51a60f",
        "version" : "1.0.0"
      }
    },
    {
      "identity" : "wwfloatingview",
      "kind" : "remoteSourceControl",
      "location" : "https://github.com/William-Weng/WWFloatingView.git",
      "state" : {
        "revision" : "f1e31801a5377d42171a5bd8cd8d28887865d2a7",
        "version" : "1.2.0"
      }
    },
    {
      "identity" : "wwhud",
      "kind" : "remoteSourceControl",
      "location" : "https://github.com/William-Weng/WWHUD",
      "state" : {
        "revision" : "caacd57c5343eb03fdefc8fcfa6dc4444c2d1c0c",
        "version" : "1.1.2"
      }
    },
    {
      "identity" : "wwjavascriptcontext",
      "kind" : "remoteSourceControl",
      "location" : "https://github.com/William-Weng/WWJavaScriptContext",
      "state" : {
        "revision" : "983111177d7b64ef90f0c77d4db928187b9d756d",
        "version" : "1.0.1"
      }
    },
    {
      "identity" : "wwnetworking",
      "kind" : "remoteSourceControl",
      "location" : "https://github.com/William-Weng/WWNetworking",
      "state" : {
        "revision" : "ae2c095a586156dc8af250f720a51d9ccdb4f177",
        "version" : "1.1.4"
      }
    },
    {
      "identity" : "wwnetworking-uiimage",
      "kind" : "remoteSourceControl",
      "location" : "https://github.com/William-Weng/WWNetworking-UIImage",
      "state" : {
        "revision" : "38d8f4d70ffbe0c4fe0e81c1cb3efd673ec69b33",
        "version" : "1.1.2"
      }
    },
    {
      "identity" : "wwprint",
      "kind" : "remoteSourceControl",
      "location" : "https://github.com/William-Weng/WWPrint.git",
      "state" : {
        "revision" : "6b70fabaa1dbeac95b224384819e231a1220900a",
        "version" : "1.2.0"
      }
    },
    {
      "identity" : "wwslider",
      "kind" : "remoteSourceControl",
      "location" : "https://github.com/William-Weng/WWSlider",
      "state" : {
        "revision" : "6ddee6ccff11661e2344ddd0434bb4a9ebdfb684",
        "version" : "1.2.2"
      }
    },
    {
      "identity" : "wwsqlite3manager",
      "kind" : "remoteSourceControl",
      "location" : "https://github.com/William-Weng/WWSQLite3Manager",
      "state" : {
        "revision" : "b151fa0deef3bfa63e0c7dc35d97402d7fcc8e1a",
        "version" : "1.4.4"
      }
    },
    {
      "identity" : "wwtoast",
      "kind" : "remoteSourceControl",
      "location" : "https://github.com/William-Weng/WWToast",
      "state" : {
        "revision" : "30473509e4066c4b1f47920787f0ae7d88aa0a72",
        "version" : "1.1.0"
      }
    },
    {
      "identity" : "wwuserdefaults",
      "kind" : "remoteSourceControl",
      "location" : "https://github.com/William-Weng/WWUserDefaults.git",
      "state" : {
        "revision" : "03c70e58d4121ab5f6f3ef395b04c0a564e84019",
        "version" : "1.0.0"
      }
    }
  ],
  "version" : 2
}
