{
  "originHash" : "a5d485f6c0a75bdb2b62282e2aa183d5dad3943cbaaee55e2363e4634163378b",
  "pins" : [
    {
      "identity" : "wwappinstallsource",
      "kind" : "remoteSourceControl",
      "location" : "https://github.com/William-Weng/WWAppInstallSource.git",
      "state" : {
        "revision" : "2491ca2eba21a4e8c7122f293224692d018e857d",
        "version" : "1.0.4"
      }
    },
    {
      "identity" : "wwassistivetouch",
      "kind" : "remoteSourceControl",
      "location" : "https://github.com/William-Weng/WWAssistiveTouch",
      "state" : {
        "revision" : "39a80925e2b90082eb144e785500e6bd6d4fc3ee",
        "version" : "1.2.3"
      }
    },
    {
      "identity" : "wwcachemanager",
      "kind" : "remoteSourceControl",
      "location" : "https://github.com/William-Weng/WWCacheManager.git",
      "state" : {
        "revision" : "34d65216cf3b036a820b91f1070134227edb19a2",
        "version" : "1.0.1"
      }
    },
    {
      "identity" : "wwcollectionviewlayout",
      "kind" : "remoteSourceControl",
      "location" : "https://github.com/William-Weng/WWCollectionViewLayout",
      "state" : {
        "revision" : "c112eeb26415400d5f59d5a0f7dbd26a9e0f6376",
        "version" : "1.0.0"
      }
    },
    {
      "identity" : "wweventsource",
      "kind" : "remoteSourceControl",
      "location" : "https://github.com/William-Weng/WWEventSource",
      "state" : {
        "revision" : "6ea3d939a84cea2391098d9519e4fca0efd7bb13",
        "version" : "1.4.1"
      }
    },
    {
      "identity" : "wwexpandabletextview",
      "kind" : "remoteSourceControl",
      "location" : "https://github.com/William-Weng/WWExpandableTextView",
      "state" : {
        "revision" : "8fb7db74d9b3e5faf9dbb790444dc0f4ba527968",
        "version" : "1.0.3"
      }
    },
    {
      "identity" : "wwfloatingview",
      "kind" : "remoteSourceControl",
      "location" : "https://github.com/William-Weng/WWFloatingView.git",
      "state" : {
        "revision" : "5ac7bcdd90156786429a3e031c25208378e86932",
        "version" : "1.2.2"
      }
    },
    {
      "identity" : "wwhash",
      "kind" : "remoteSourceControl",
      "location" : "https://github.com/William-Weng/WWHash",
      "state" : {
        "revision" : "2182c6dfc63141728dcdb5066220b8032f552521",
        "version" : "1.0.1"
      }
    },
    {
      "identity" : "wwhud",
      "kind" : "remoteSourceControl",
      "location" : "https://github.com/William-Weng/WWHUD",
      "state" : {
        "revision" : "8ffa449fd2192fdfd06622b77659edd65b4edd18",
        "version" : "1.6.0"
      }
    },
    {
      "identity" : "wwjavascriptcontext",
      "kind" : "remoteSourceControl",
      "location" : "https://github.com/William-Weng/WWJavaScriptContext",
      "state" : {
        "revision" : "6e575659f75d2c50be7ad25ebdae6c9d8f1b164a",
        "version" : "1.1.0"
      }
    },
    {
      "identity" : "wwkeyboardshadowview",
      "kind" : "remoteSourceControl",
      "location" : "https://github.com/William-Weng/WWKeyboardShadowView",
      "state" : {
        "revision" : "3fee0dfdaae1be49d694c8390598be49a588b27c",
        "version" : "1.1.3"
      }
    },
    {
      "identity" : "wwnetworking",
      "kind" : "remoteSourceControl",
      "location" : "https://github.com/William-Weng/WWNetworking",
      "state" : {
        "revision" : "2c7ce462a79c7c894dbb20dfa766b3eada9d2644",
        "version" : "1.9.0"
      }
    },
    {
      "identity" : "wwnetworking-uiimage",
      "kind" : "remoteSourceControl",
      "location" : "https://github.com/William-Weng/WWNetworking-UIImage",
      "state" : {
        "revision" : "edac20a64617cb769ba85395bac9bdcb090c4c11",
        "version" : "1.8.3"
      }
    },
    {
      "identity" : "wwnormalizeaudioplayer",
      "kind" : "remoteSourceControl",
      "location" : "https://github.com/William-Weng/WWNormalizeAudioPlayer",
      "state" : {
        "revision" : "e5ac390c9a48ee3d1bf87777991dfc18a855b701",
        "version" : "1.1.5"
      }
    },
    {
      "identity" : "wwonboardingviewcontroller",
      "kind" : "remoteSourceControl",
      "location" : "https://github.com/William-Weng/WWOnBoardingViewController",
      "state" : {
        "revision" : "a3766c884048bc822794b904d8951a9efb70fd80",
        "version" : "1.3.2"
      }
    },
    {
      "identity" : "wworderedset",
      "kind" : "remoteSourceControl",
      "location" : "https://github.com/William-Weng/WWOrderedSet.git",
      "state" : {
        "revision" : "f55e78e72725103eeb09ca27b70442e2098b6241",
        "version" : "1.0.2"
      }
    },
    {
      "identity" : "wwprint",
      "kind" : "remoteSourceControl",
      "location" : "https://github.com/William-Weng/WWPrint.git",
      "state" : {
        "revision" : "8f5928f5d36624d77f8fc563fd8e31a59cfac6b6",
        "version" : "1.3.1"
      }
    },
    {
      "identity" : "wwregularexpression",
      "kind" : "remoteSourceControl",
      "location" : "https://github.com/William-Weng/WWRegularExpression",
      "state" : {
        "revision" : "5bc5c03259ed28b4c5c6899458fde6ac4d665794",
        "version" : "1.0.1"
      }
    },
    {
      "identity" : "wwsimpleai_ollama",
      "kind" : "remoteSourceControl",
      "location" : "https://github.com/William-Weng/WWSimpleAI_Ollama",
      "state" : {
        "revision" : "0e0c0e2ecfc9b6cb9db151d1d4dfa5b7a190fa87",
        "version" : "1.2.0"
      }
    },
    {
      "identity" : "wwslider",
      "kind" : "remoteSourceControl",
      "location" : "https://github.com/William-Weng/WWSlider",
      "state" : {
        "revision" : "86d91d4235b6fdd03d93a14dbedf959cdc247662",
        "version" : "1.2.3"
      }
    },
    {
      "identity" : "wwsqlite3manager",
      "kind" : "remoteSourceControl",
      "location" : "https://github.com/William-Weng/WWSQLite3Manager",
      "state" : {
        "revision" : "374deec459e7f60584944775aa3b20f7f6f6f07c",
        "version" : "1.5.2"
      }
    },
    {
      "identity" : "wwsvgimageview",
      "kind" : "remoteSourceControl",
      "location" : "https://github.com/William-Weng/WWSVGImageView",
      "state" : {
        "revision" : "c3118da8460fb998d7436f9912e70cda9a796327",
        "version" : "1.0.2"
      }
    },
    {
      "identity" : "wwtipview",
      "kind" : "remoteSourceControl",
      "location" : "https://github.com/William-Weng/WWTipView",
      "state" : {
        "revision" : "f35c40fe53f1dbfc44f07ded41fb2a24bb1bd96e",
        "version" : "1.2.3"
      }
    },
    {
      "identity" : "wwtoast",
      "kind" : "remoteSourceControl",
      "location" : "https://github.com/William-Weng/WWToast",
      "state" : {
        "revision" : "eaf7d4f9d453be47fe7696b784b4eaa2928a8c72",
        "version" : "1.3.0"
      }
    },
    {
      "identity" : "wwtypewriterlabel",
      "kind" : "remoteSourceControl",
      "location" : "https://github.com/William-Weng/WWTypewriterLabel.git",
      "state" : {
        "revision" : "40d1201621bc78f177612c91e62bb387bd4646d9",
        "version" : "1.0.3"
      }
    },
    {
      "identity" : "wwuserdefaults",
      "kind" : "remoteSourceControl",
      "location" : "https://github.com/William-Weng/WWUserDefaults.git",
      "state" : {
        "revision" : "44675a469955dbaeb5b70a6277dbb2be543f6cb0",
        "version" : "1.0.4"
      }
    }
  ],
  "version" : 3
}
